
Microsoft Visual Studio Solution File, Format Version 12.00
# Visual Studio Version 17
VisualStudioVersion = 17.13.35913.81 d17.13
MinimumVisualStudioVersion = 10.0.40219.1
Project("{FAE04EC0-301F-11D3-BF4B-00C04F79EFBC}") = "LibraryAPI", "LibraryAPI.csproj", "{1B6805AF-2F5E-42D3-9947-6FAFDC371CFC}"
EndProject
Global
	GlobalSection(SolutionConfigurationPlatforms) = preSolution
		Debug|Any CPU = Debug|Any CPU
		Release|Any CPU = Release|Any CPU
	EndGlobalSection
	GlobalSection(ProjectConfigurationPlatforms) = postSolution
		{1B6805AF-2F5E-42D3-9947-6FAFDC371CFC}.Debug|Any CPU.ActiveCfg = Debug|Any CPU
		{1B6805AF-2F5E-42D3-9947-6FAFDC371CFC}.Debug|Any CPU.Build.0 = Debug|Any CPU
		{1B6805AF-2F5E-42D3-9947-6FAFDC371CFC}.Release|Any CPU.ActiveCfg = Release|Any CPU
		{1B6805AF-2F5E-42D3-9947-6FAFDC371CFC}.Release|Any CPU.Build.0 = Release|Any CPU
	EndGlobalSection
	GlobalSection(SolutionProperties) = preSolution
		HideSolutionNode = FALSE
	EndGlobalSection
	GlobalSection(ExtensibilityGlobals) = postSolution
		SolutionGuid = {BC52DA95-7BD0-4AD1-BF6C-569E472CD5C4}
	EndGlobalSection
EndGlobal
